
Microsoft Visual Studio Solution File, Format Version 12.00
# Visual Studio 15
VisualStudioVersion = 15.0.28010.0
MinimumVisualStudioVersion = 10.0.40219.1
Project("{FAE04EC0-301F-11D3-BF4B-00C04F79EFBC}") = "Data", "Data\Data.csproj", "{E47A9852-D20C-48F1-B912-C716823B2D4F}"
EndProject
Project("{FAE04EC0-301F-11D3-BF4B-00C04F79EFBC}") = "HotelWeb", "HotelWeb\HotelWeb.csproj", "{560832C8-7310-478C-820A-D10BE8FB7D99}"
EndProject
Project("{FAE04EC0-301F-11D3-BF4B-00C04F79EFBC}") = "DAL", "DAL\DAL.csproj", "{22B4FC5D-6478-4B8E-A523-7DE14A6CBBDC}"
EndProject
Project("{FAE04EC0-301F-11D3-BF4B-00C04F79EFBC}") = "BLL", "BLL\BLL.csproj", "{0C6757F7-46F5-49FD-BF4A-553528AD1C3A}"
EndProject
Project("{FAE04EC0-301F-11D3-BF4B-00C04F79EFBC}") = "Util", "Util\Util.csproj", "{CA983380-B24B-4D18-82C2-A1A1DC0D281B}"
EndProject
Global
	GlobalSection(SolutionConfigurationPlatforms) = preSolution
		Debug|Any CPU = Debug|Any CPU
		Release|Any CPU = Release|Any CPU
	EndGlobalSection
	GlobalSection(ProjectConfigurationPlatforms) = postSolution
		{E47A9852-D20C-48F1-B912-C716823B2D4F}.Debug|Any CPU.ActiveCfg = Debug|Any CPU
		{E47A9852-D20C-48F1-B912-C716823B2D4F}.Debug|Any CPU.Build.0 = Debug|Any CPU
		{E47A9852-D20C-48F1-B912-C716823B2D4F}.Release|Any CPU.ActiveCfg = Release|Any CPU
		{E47A9852-D20C-48F1-B912-C716823B2D4F}.Release|Any CPU.Build.0 = Release|Any CPU
		{560832C8-7310-478C-820A-D10BE8FB7D99}.Debug|Any CPU.ActiveCfg = Debug|Any CPU
		{560832C8-7310-478C-820A-D10BE8FB7D99}.Debug|Any CPU.Build.0 = Debug|Any CPU
		{560832C8-7310-478C-820A-D10BE8FB7D99}.Release|Any CPU.ActiveCfg = Release|Any CPU
		{560832C8-7310-478C-820A-D10BE8FB7D99}.Release|Any CPU.Build.0 = Release|Any CPU
		{22B4FC5D-6478-4B8E-A523-7DE14A6CBBDC}.Debug|Any CPU.ActiveCfg = Debug|Any CPU
		{22B4FC5D-6478-4B8E-A523-7DE14A6CBBDC}.Debug|Any CPU.Build.0 = Debug|Any CPU
		{22B4FC5D-6478-4B8E-A523-7DE14A6CBBDC}.Release|Any CPU.ActiveCfg = Release|Any CPU
		{22B4FC5D-6478-4B8E-A523-7DE14A6CBBDC}.Release|Any CPU.Build.0 = Release|Any CPU
		{0C6757F7-46F5-49FD-BF4A-553528AD1C3A}.Debug|Any CPU.ActiveCfg = Debug|Any CPU
		{0C6757F7-46F5-49FD-BF4A-553528AD1C3A}.Debug|Any CPU.Build.0 = Debug|Any CPU
		{0C6757F7-46F5-49FD-BF4A-553528AD1C3A}.Release|Any CPU.ActiveCfg = Release|Any CPU
		{0C6757F7-46F5-49FD-BF4A-553528AD1C3A}.Release|Any CPU.Build.0 = Release|Any CPU
		{CA983380-B24B-4D18-82C2-A1A1DC0D281B}.Debug|Any CPU.ActiveCfg = Debug|Any CPU
		{CA983380-B24B-4D18-82C2-A1A1DC0D281B}.Debug|Any CPU.Build.0 = Debug|Any CPU
		{CA983380-B24B-4D18-82C2-A1A1DC0D281B}.Release|Any CPU.ActiveCfg = Release|Any CPU
		{CA983380-B24B-4D18-82C2-A1A1DC0D281B}.Release|Any CPU.Build.0 = Release|Any CPU
	EndGlobalSection
	GlobalSection(SolutionProperties) = preSolution
		HideSolutionNode = FALSE
	EndGlobalSection
	GlobalSection(ExtensibilityGlobals) = postSolution
		SolutionGuid = {32F3D0CE-3974-4798-A022-2D9A326A4828}
	EndGlobalSection
EndGlobal
